{
  "object": {
    "pins": [
      {
        "package": "Geomagnetism",
        "repositoryURL": "git@github.com:roznet/Geomagnetism-Swift.git",
        "state": {
          "branch": "master",
          "revision": "74049c87ab58b6e004342a64de2884c60b0c4734",
          "version": null
        }
      }
    ]
  },
  "version": 1
}
